
Microsoft Visual Studio Solution File, Format Version 12.00
# Visual Studio Version 16
VisualStudioVersion = 16.0.29911.84
MinimumVisualStudioVersion = 10.0.40219.1
Project("{FAE04EC0-301F-11D3-BF4B-00C04F79EFBC}") = "RaceAdmin", "RaceAdmin\RaceAdmin.csproj", "{D9758B3F-930D-4808-9B18-A67AC1C1328A}"
EndProject
Project("{FAE04EC0-301F-11D3-BF4B-00C04F79EFBC}") = "RaceAdminTests", "RaceAdminTests\RaceAdminTests.csproj", "{74D06393-9724-4486-B0D9-195AFEF10BF8}"
EndProject
Global
	GlobalSection(SolutionConfigurationPlatforms) = preSolution
		Debug|Any CPU = Debug|Any CPU
		Debug|x64 = Debug|x64
		Release|Any CPU = Release|Any CPU
		Release|x64 = Release|x64
	EndGlobalSection
	GlobalSection(ProjectConfigurationPlatforms) = postSolution
		{D9758B3F-930D-4808-9B18-A67AC1C1328A}.Debug|Any CPU.ActiveCfg = Debug|Any CPU
		{D9758B3F-930D-4808-9B18-A67AC1C1328A}.Debug|Any CPU.Build.0 = Debug|Any CPU
		{D9758B3F-930D-4808-9B18-A67AC1C1328A}.Debug|x64.ActiveCfg = Debug|x64
		{D9758B3F-930D-4808-9B18-A67AC1C1328A}.Debug|x64.Build.0 = Debug|x64
		{D9758B3F-930D-4808-9B18-A67AC1C1328A}.Release|Any CPU.ActiveCfg = Release|Any CPU
		{D9758B3F-930D-4808-9B18-A67AC1C1328A}.Release|Any CPU.Build.0 = Release|Any CPU
		{D9758B3F-930D-4808-9B18-A67AC1C1328A}.Release|x64.ActiveCfg = Release|x64
		{D9758B3F-930D-4808-9B18-A67AC1C1328A}.Release|x64.Build.0 = Release|x64
		{74D06393-9724-4486-B0D9-195AFEF10BF8}.Debug|Any CPU.ActiveCfg = Debug|Any CPU
		{74D06393-9724-4486-B0D9-195AFEF10BF8}.Debug|Any CPU.Build.0 = Debug|Any CPU
		{74D06393-9724-4486-B0D9-195AFEF10BF8}.Debug|x64.ActiveCfg = Debug|x64
		{74D06393-9724-4486-B0D9-195AFEF10BF8}.Debug|x64.Build.0 = Debug|x64
		{74D06393-9724-4486-B0D9-195AFEF10BF8}.Release|Any CPU.ActiveCfg = Release|Any CPU
		{74D06393-9724-4486-B0D9-195AFEF10BF8}.Release|Any CPU.Build.0 = Release|Any CPU
		{74D06393-9724-4486-B0D9-195AFEF10BF8}.Release|x64.ActiveCfg = Release|x64
		{74D06393-9724-4486-B0D9-195AFEF10BF8}.Release|x64.Build.0 = Release|x64
	EndGlobalSection
	GlobalSection(SolutionProperties) = preSolution
		HideSolutionNode = FALSE
	EndGlobalSection
	GlobalSection(ExtensibilityGlobals) = postSolution
		SolutionGuid = {49624D27-D15F-4EEB-B53E-E0DD821700DB}
	EndGlobalSection
EndGlobal
